{
  "version": "3",
  "packages": {
    "specifiers": {
      "jsr:@std/assert@^1.0.4": "jsr:@std/assert@1.0.4",
      "jsr:@std/async@^1.0.5": "jsr:@std/async@1.0.5",
      "jsr:@std/collections@^1.0.5": "jsr:@std/collections@1.0.5",
      "jsr:@std/internal@^1.0.3": "jsr:@std/internal@1.0.3",
      "jsr:@vwkd/feed@^0.0.3": "jsr:@vwkd/feed@0.0.3"
    },
    "jsr": {
      "@std/assert@1.0.4": {
        "integrity": "d4c767ea578e5bc09c15b6e503376003e5b2d1f4c0cdf08524a92101ff4d7b96",
        "dependencies": [
          "jsr:@std/internal@^1.0.3"
        ]
      },
      "@std/async@1.0.5": {
        "integrity": "31d68214bfbb31bd4c6022401d484e3964147c76c9220098baa703a39b6c2da6"
      },
      "@std/collections@1.0.5": {
        "integrity": "ab9eac23b57a0c0b89ba45134e61561f69f3d001f37235a248ed40be260c0c10"
      },
      "@std/internal@1.0.3": {
        "integrity": "208e9b94a3d5649bd880e9ca38b885ab7651ab5b5303a56ed25de4755fb7b11e"
      },
      "@vwkd/feed@0.0.3": {
        "integrity": "53434dd3be076ab1ecca34c7ad93a1978ce6a5d928b0648b2a1f6f3417b9eea2"
      }
    }
  },
  "remote": {},
  "workspace": {
    "dependencies": [
      "jsr:@std/assert@^1.0.4",
      "jsr:@std/async@^1.0.5",
      "jsr:@std/collections@^1.0.5",
      "jsr:@vwkd/feed@^0.0.3"
    ]
  }
}
